
Microsoft Visual Studio Solution File, Format Version 12.00
# Visual Studio Version 17
VisualStudioVersion = 17.4.33213.308
MinimumVisualStudioVersion = 10.0.40219.1
Project("{888888A0-9F3D-457C-B088-3A5042F75D52}") = "DomArturDombrovski", "DomArturDombrovski.pyproj", "{542B1547-15AF-477C-992D-CA7C93843A26}"
EndProject
Global
	GlobalSection(SolutionConfigurationPlatforms) = preSolution
		Debug|Any CPU = Debug|Any CPU
		Release|Any CPU = Release|Any CPU
	EndGlobalSection
	GlobalSection(ProjectConfigurationPlatforms) = postSolution
		{542B1547-15AF-477C-992D-CA7C93843A26}.Debug|Any CPU.ActiveCfg = Debug|Any CPU
		{542B1547-15AF-477C-992D-CA7C93843A26}.Release|Any CPU.ActiveCfg = Release|Any CPU
	EndGlobalSection
	GlobalSection(SolutionProperties) = preSolution
		HideSolutionNode = FALSE
	EndGlobalSection
	GlobalSection(ExtensibilityGlobals) = postSolution
		SolutionGuid = {CC86924D-6FB3-41F2-880B-ECF4E4FFDC2D}
	EndGlobalSection
EndGlobal
